// !$*UTF8*$!
{
	archiveVersion = 1;
	classes = {
	};
	objectVersion = 46;
	objects = {

/* Begin PBXBuildFile section */
		84AEFB2D1BC0394F004877B3 /* AppDelegate.swift in Sources */ = {isa = PBXBuildFile; fileRef = 84AEFB2C1BC0394F004877B3 /* AppDelegate.swift */; };
		84AEFB2F1BC0394F004877B3 /* ViewController.swift in Sources */ = {isa = PBXBuildFile; fileRef = 84AEFB2E1BC0394F004877B3 /* ViewController.swift */; };
		84AEFB321BC0394F004877B3 /* Main.storyboard in Resources */ = {isa = PBXBuildFile; fileRef = 84AEFB301BC0394F004877B3 /* Main.storyboard */; };
		84AEFB341BC0394F004877B3 /* Images.xcassets in Resources */ = {isa = PBXBuildFile; fileRef = 84AEFB331BC0394F004877B3 /* Images.xcassets */; };
		84AEFB371BC0394F004877B3 /* LaunchScreen.xib in Resources */ = {isa = PBXBuildFile; fileRef = 84AEFB351BC0394F004877B3 /* LaunchScreen.xib */; };
		84AEFB431BC0394F004877B3 /* ShoeConverterTests.swift in Sources */ = {isa = PBXBuildFile; fileRef = 84AEFB421BC0394F004877B3 /* ShoeConverterTests.swift */; };
/* End PBXBuildFile section */

/* Begin PBXContainerItemProxy section */
		84AEFB3D1BC0394F004877B3 /* PBXContainerItemProxy */ = {
			isa = PBXContainerItemProxy;
			containerPortal = 84AEFB1F1BC0394F004877B3 /* Project object */;
			proxyType = 1;
			remoteGlobalIDString = 84AEFB261BC0394F004877B3;
			remoteInfo = ShoeConverter;
		};
/* End PBXContainerItemProxy section */

/* Begin PBXFileReference section */
		84AEFB271BC0394F004877B3 /* ShoeConverter.app */ = {isa = PBXFileReference; explicitFileType = wrapper.application; includeInIndex = 0; path = ShoeConverter.app; sourceTree = BUILT_PRODUCTS_DIR; };
		84AEFB2B1BC0394F004877B3 /* Info.plist */ = {isa = PBXFileReference; lastKnownFileType = text.plist.xml; path = Info.plist; sourceTree = "<group>"; };
		84AEFB2C1BC0394F004877B3 /* AppDelegate.swift */ = {isa = PBXFileReference; lastKnownFileType = sourcecode.swift; path = AppDelegate.swift; sourceTree = "<group>"; };
		84AEFB2E1BC0394F004877B3 /* ViewController.swift */ = {isa = PBXFileReference; lastKnownFileType = sourcecode.swift; path = ViewController.swift; sourceTree = "<group>"; };
		84AEFB311BC0394F004877B3 /* Base */ = {isa = PBXFileReference; lastKnownFileType = file.storyboard; name = Base; path = Base.lproj/Main.storyboard; sourceTree = "<group>"; };
		84AEFB331BC0394F004877B3 /* Images.xcassets */ = {isa = PBXFileReference; lastKnownFileType = folder.assetcatalog; path = Images.xcassets; sourceTree = "<group>"; };
		84AEFB361BC0394F004877B3 /* Base */ = {isa = PBXFileReference; lastKnownFileType = file.xib; name = Base; path = Base.lproj/LaunchScreen.xib; sourceTree = "<group>"; };
		84AEFB3C1BC0394F004877B3 /* ShoeConverterTests.xctest */ = {isa = PBXFileReference; explicitFileType = wrapper.cfbundle; includeInIndex = 0; path = ShoeConverterTests.xctest; sourceTree = BUILT_PRODUCTS_DIR; };
		84AEFB411BC0394F004877B3 /* Info.plist */ = {isa = PBXFileReference; lastKnownFileType = text.plist.xml; path = Info.plist; sourceTree = "<group>"; };
		84AEFB421BC0394F004877B3 /* ShoeConverterTests.swift */ = {isa = PBXFileReference; lastKnownFileType = sourcecode.swift; path = ShoeConverterTests.swift; sourceTree = "<group>"; };
/* End PBXFileReference section */

/* Begin PBXFrameworksBuildPhase section */
		84AEFB241BC0394F004877B3 /* Frameworks */ = {
			isa = PBXFrameworksBuildPhase;
			buildActionMask = 2147483647;
			files = (
			);
			runOnlyForDeploymentPostprocessing = 0;
		};
		84AEFB391BC0394F004877B3 /* Frameworks */ = {
			isa = PBXFrameworksBuildPhase;
			buildActionMask = 2147483647;
			files = (
			);
			runOnlyForDeploymentPostprocessing = 0;
		};
/* End PBXFrameworksBuildPhase section */

/* Begin PBXGroup section */
		84AEFB1E1BC0394F004877B3 = {
			isa = PBXGroup;
			children = (
				84AEFB291BC0394F004877B3 /* ShoeConverter */,
				84AEFB3F1BC0394F004877B3 /* ShoeConverterTests */,
				84AEFB281BC0394F004877B3 /* Products */,
			);
			sourceTree = "<group>";
		};
		84AEFB281BC0394F004877B3 /* Products */ = {
			isa = PBXGroup;
			children = (
				84AEFB271BC0394F004877B3 /* ShoeConverter.app */,
				84AEFB3C1BC0394F004877B3 /* ShoeConverterTests.xctest */,
			);
			name = Products;
			sourceTree = "<group>";
		};
		84AEFB291BC0394F004877B3 /* ShoeConverter */ = {
			isa = PBXGroup;
			children = (
				84AEFB2C1BC0394F004877B3 /* AppDelegate.swift */,
				84AEFB2E1BC0394F004877B3 /* ViewController.swift */,
				84AEFB301BC0394F004877B3 /* Main.storyboard */,
				84AEFB331BC0394F004877B3 /* Images.xcassets */,
				84AEFB351BC0394F004877B3 /* LaunchScreen.xib */,
				84AEFB2A1BC0394F004877B3 /* Supporting Files */,
			);
			path = ShoeConverter;
			sourceTree = "<group>";
		};
		84AEFB2A1BC0394F004877B3 /* Supporting Files */ = {
			isa = PBXGroup;
			children = (
				84AEFB2B1BC0394F004877B3 /* Info.plist */,
			);
			name = "Supporting Files";
			sourceTree = "<group>";
		};
		84AEFB3F1BC0394F004877B3 /* ShoeConverterTests */ = {
			isa = PBXGroup;
			children = (
				84AEFB421BC0394F004877B3 /* ShoeConverterTests.swift */,
				84AEFB401BC0394F004877B3 /* Supporting Files */,
			);
			path = ShoeConverterTests;
			sourceTree = "<group>";
		};
		84AEFB401BC0394F004877B3 /* Supporting Files */ = {
			isa = PBXGroup;
			children = (
				84AEFB411BC0394F004877B3 /* Info.plist */,
			);
			name = "Supporting Files";
			sourceTree = "<group>";
		};
/* End PBXGroup section */

/* Begin PBXNativeTarget section */
		84AEFB261BC0394F004877B3 /* ShoeConverter */ = {
			isa = PBXNativeTarget;
			buildConfigurationList = 84AEFB461BC0394F004877B3 /* Build configuration list for PBXNativeTarget "ShoeConverter" */;
			buildPhases = (
				84AEFB231BC0394F004877B3 /* Sources */,
				84AEFB241BC0394F004877B3 /* Frameworks */,
				84AEFB251BC0394F004877B3 /* Resources */,
			);
			buildRules = (
			);
			dependencies = (
			);
			name = ShoeConverter;
			productName = ShoeConverter;
			productReference = 84AEFB271BC0394F004877B3 /* ShoeConverter.app */;
			productType = "com.apple.product-type.application";
		};
		84AEFB3B1BC0394F004877B3 /* ShoeConverterTests */ = {
			isa = PBXNativeTarget;
			buildConfigurationList = 84AEFB491BC0394F004877B3 /* Build configuration list for PBXNativeTarget "ShoeConverterTests" */;
			buildPhases = (
				84AEFB381BC0394F004877B3 /* Sources */,
				84AEFB391BC0394F004877B3 /* Frameworks */,
				84AEFB3A1BC0394F004877B3 /* Resources */,
			);
			buildRules = (
			);
			dependencies = (
				84AEFB3E1BC0394F004877B3 /* PBXTargetDependency */,
			);
			name = ShoeConverterTests;
			productName = ShoeConverterTests;
			productReference = 84AEFB3C1BC0394F004877B3 /* ShoeConverterTests.xctest */;
			productType = "com.apple.product-type.bundle.unit-test";
		};
/* End PBXNativeTarget section */

/* Begin PBXProject section */
		84AEFB1F1BC0394F004877B3 /* Project object */ = {
			isa = PBXProject;
			attributes = {
				LastUpgradeCheck = 0630;
				ORGANIZATIONNAME = "Dirk Heite";
				TargetAttributes = {
					84AEFB261BC0394F004877B3 = {
						CreatedOnToolsVersion = 6.3;
					};
					84AEFB3B1BC0394F004877B3 = {
						CreatedOnToolsVersion = 6.3;
						TestTargetID = 84AEFB261BC0394F004877B3;
					};
				};
			};
			buildConfigurationList = 84AEFB221BC0394F004877B3 /* Build configuration list for PBXProject "ShoeConverter" */;
			compatibilityVersion = "Xcode 3.2";
			developmentRegion = English;
			hasScannedForEncodings = 0;
			knownRegions = (
				en,
				Base,
			);
			mainGroup = 84AEFB1E1BC0394F004877B3;
			productRefGroup = 84AEFB281BC0394F004877B3 /* Products */;
			projectDirPath = "";
			projectRoot = "";
			targets = (
				84AEFB261BC0394F004877B3 /* ShoeConverter */,
				84AEFB3B1BC0394F004877B3 /* ShoeConverterTests */,
			);
		};
/* End PBXProject section */

/* Begin PBXResourcesBuildPhase section */
		84AEFB251BC0394F004877B3 /* Resources */ = {
			isa = PBXResourcesBuildPhase;
			buildActionMask = 2147483647;
			files = (
				84AEFB321BC0394F004877B3 /* Main.storyboard in Resources */,
				84AEFB371BC0394F004877B3 /* LaunchScreen.xib in Resources */,
				84AEFB341BC0394F004877B3 /* Images.xcassets in Resources */,
			);
			runOnlyForDeploymentPostprocessing = 0;
		};
		84AEFB3A1BC0394F004877B3 /* Resources */ = {
			isa = PBXResourcesBuildPhase;
			buildActionMask = 2147483647;
			files = (
			);
			runOnlyForDeploymentPostprocessing = 0;
		};
/* End PBXResourcesBuildPhase section */

/* Begin PBXSourcesBuildPhase section */
		84AEFB231BC0394F004877B3 /* Sources */ = {
			isa = PBXSourcesBuildPhase;
			buildActionMask = 2147483647;
			files = (
				84AEFB2F1BC0394F004877B3 /* ViewController.swift in Sources */,
				84AEFB2D1BC0394F004877B3 /* AppDelegate.swift in Sources */,
			);
			runOnlyForDeploymentPostprocessing = 0;
		};
		84AEFB381BC0394F004877B3 /* Sources */ = {
			isa = PBXSourcesBuildPhase;
			buildActionMask = 2147483647;
			files = (
				84AEFB431BC0394F004877B3 /* ShoeConverterTests.swift in Sources */,
			);
			runOnlyForDeploymentPostprocessing = 0;
		};
/* End PBXSourcesBuildPhase section */

/* Begin PBXTargetDependency section */
		84AEFB3E1BC0394F004877B3 /* PBXTargetDependency */ = {
			isa = PBXTargetDependency;
			target = 84AEFB261BC0394F004877B3 /* ShoeConverter */;
			targetProxy = 84AEFB3D1BC0394F004877B3 /* PBXContainerItemProxy */;
		};
/* End PBXTargetDependency section */

/* Begin PBXVariantGroup section */
		84AEFB301BC0394F004877B3 /* Main.storyboard */ = {
			isa = PBXVariantGroup;
			children = (
				84AEFB311BC0394F004877B3 /* Base */,
			);
			name = Main.storyboard;
			sourceTree = "<group>";
		};
		84AEFB351BC0394F004877B3 /* LaunchScreen.xib */ = {
			isa = PBXVariantGroup;
			children = (
				84AEFB361BC0394F004877B3 /* Base */,
			);
			name = LaunchScreen.xib;
			sourceTree = "<group>";
		};
/* End PBXVariantGroup section */

/* Begin XCBuildConfiguration section */
		84AEFB441BC0394F004877B3 /* Debug */ = {
			isa = XCBuildConfiguration;
			buildSettings = {
				ALWAYS_SEARCH_USER_PATHS = NO;
				CLANG_CXX_LANGUAGE_STANDARD = "gnu++0x";
				CLANG_CXX_LIBRARY = "libc++";
				CLANG_ENABLE_MODULES = YES;
				CLANG_ENABLE_OBJC_ARC = YES;
				CLANG_WARN_BOOL_CONVERSION = YES;
				CLANG_WARN_CONSTANT_CONVERSION = YES;
				CLANG_WARN_DIRECT_OBJC_ISA_USAGE = YES_ERROR;
				CLANG_WARN_EMPTY_BODY = YES;
				CLANG_WARN_ENUM_CONVERSION = YES;
				CLANG_WARN_INT_CONVERSION = YES;
				CLANG_WARN_OBJC_ROOT_CLASS = YES_ERROR;
				CLANG_WARN_UNREACHABLE_CODE = YES;
				CLANG_WARN__DUPLICATE_METHOD_MATCH = YES;
				"CODE_SIGN_IDENTITY[sdk=iphoneos*]" = "iPhone Developer";
				COPY_PHASE_STRIP = NO;
				DEBUG_INFORMATION_FORMAT = "dwarf-with-dsym";
				ENABLE_STRICT_OBJC_MSGSEND = YES;
				GCC_C_LANGUAGE_STANDARD = gnu99;
				GCC_DYNAMIC_NO_PIC = NO;
				GCC_NO_COMMON_BLOCKS = YES;
				GCC_OPTIMIZATION_LEVEL = 0;
				GCC_PREPROCESSOR_DEFINITIONS = (
					"DEBUG=1",
					"$(inherited)",
				);
				GCC_SYMBOLS_PRIVATE_EXTERN = NO;
				GCC_WARN_64_TO_32_BIT_CONVERSION = YES;
				GCC_WARN_ABOUT_RETURN_TYPE = YES_ERROR;
				GCC_WARN_UNDECLARED_SELECTOR = YES;
				GCC_WARN_UNINITIALIZED_AUTOS = YES_AGGRESSIVE;
				GCC_WARN_UNUSED_FUNCTION = YES;
				GCC_WARN_UNUSED_VARIABLE = YES;
				IPHONEOS_DEPLOYMENT_TARGET = 8.3;
				MTL_ENABLE_DEBUG_INFO = YES;
				ONLY_ACTIVE_ARCH = YES;
				SDKROOT = iphoneos;
				SWIFT_OPTIMIZATION_LEVEL = "-Onone";
				TARGETED_DEVICE_FAMILY = "1,2";
			};
			name = Debug;
		};
		84AEFB451BC0394F004877B3 /* Release */ = {
			isa = XCBuildConfiguration;
			buildSettings = {
				ALWAYS_SEARCH_USER_PATHS = NO;
				CLANG_CXX_LANGUAGE_STANDARD = "gnu++0x";
				CLANG_CXX_LIBRARY = "libc++";
				CLANG_ENABLE_MODULES = YES;
				CLANG_ENABLE_OBJC_ARC = YES;
				CLANG_WARN_BOOL_CONVERSION = YES;
				CLANG_WARN_CONSTANT_CONVERSION = YES;
				CLANG_WARN_DIRECT_OBJC_ISA_USAGE = YES_ERROR;
				CLANG_WARN_EMPTY_BODY = YES;
				CLANG_WARN_ENUM_CONVERSION = YES;
				CLANG_WARN_INT_CONVERSION = YES;
				CLANG_WARN_OBJC_ROOT_CLASS = YES_ERROR;
				CLANG_WARN_UNREACHABLE_CODE = YES;
				CLANG_WARN__DUPLICATE_METHOD_MATCH = YES;
				"CODE_SIGN_IDENTITY[sdk=iphoneos*]" = "iPhone Developer";
				COPY_PHASE_STRIP = NO;
				DEBUG_INFORMATION_FORMAT = "dwarf-with-dsym";
				ENABLE_NS_ASSERTIONS = NO;
				ENABLE_STRICT_OBJC_MSGSEND = YES;
				GCC_C_LANGUAGE_STANDARD = gnu99;
				GCC_NO_COMMON_BLOCKS = YES;
				GCC_WARN_64_TO_32_BIT_CONVERSION = YES;
				GCC_WARN_ABOUT_RETURN_TYPE = YES_ERROR;
				GCC_WARN_UNDECLARED_SELECTOR = YES;
				GCC_WARN_UNINITIALIZED_AUTOS = YES_AGGRESSIVE;
				GCC_WARN_UNUSED_FUNCTION = YES;
				GCC_WARN_UNUSED_VARIABLE = YES;
				IPHONEOS_DEPLOYMENT_TARGET = 8.3;
				MTL_ENABLE_DEBUG_INFO = NO;
				SDKROOT = iphoneos;
				TARGETED_DEVICE_FAMILY = "1,2";
				VALIDATE_PRODUCT = YES;
			};
			name = Release;
		};
		84AEFB471BC0394F004877B3 /* Debug */ = {
			isa = XCBuildConfiguration;
			buildSettings = {
				ASSETCATALOG_COMPILER_APPICON_NAME = AppIcon;
				INFOPLIST_FILE = ShoeConverter/Info.plist;
				LD_RUNPATH_SEARCH_PATHS = "$(inherited) @executable_path/Frameworks";
				PRODUCT_NAME = "$(TARGET_NAME)";
			};
			name = Debug;
		};
		84AEFB481BC0394F004877B3 /* Release */ = {
			isa = XCBuildConfiguration;
			buildSettings = {
				ASSETCATALOG_COMPILER_APPICON_NAME = AppIcon;
				INFOPLIST_FILE = ShoeConverter/Info.plist;
				LD_RUNPATH_SEARCH_PATHS = "$(inherited) @executable_path/Frameworks";
				PRODUCT_NAME = "$(TARGET_NAME)";
			};
			name = Release;
		};
		84AEFB4A1BC0394F004877B3 /* Debug */ = {
			isa = XCBuildConfiguration;
			buildSettings = {
				BUNDLE_LOADER = "$(TEST_HOST)";
				FRAMEWORK_SEARCH_PATHS = (
					"$(SDKROOT)/Developer/Library/Frameworks",
					"$(inherited)",
				);
				GCC_PREPROCESSOR_DEFINITIONS = (
					"DEBUG=1",
					"$(inherited)",
				);
				INFOPLIST_FILE = ShoeConverterTests/Info.plist;
				LD_RUNPATH_SEARCH_PATHS = "$(inherited) @executable_path/Frameworks @loader_path/Frameworks";
				PRODUCT_NAME = "$(TARGET_NAME)";
				TEST_HOST = "$(BUILT_PRODUCTS_DIR)/ShoeConverter.app/ShoeConverter";
			};
			name = Debug;
		};
		84AEFB4B1BC0394F004877B3 /* Release */ = {
			isa = XCBuildConfiguration;
			buildSettings = {
				BUNDLE_LOADER = "$(TEST_HOST)";
				FRAMEWORK_SEARCH_PATHS = (
					"$(SDKROOT)/Developer/Library/Frameworks",
					"$(inherited)",
				);
				INFOPLIST_FILE = ShoeConverterTests/Info.plist;
				LD_RUNPATH_SEARCH_PATHS = "$(inherited) @executable_path/Frameworks @loader_path/Frameworks";
				PRODUCT_NAME = "$(TARGET_NAME)";
				TEST_HOST = "$(BUILT_PRODUCTS_DIR)/ShoeConverter.app/ShoeConverter";
			};
			name = Release;
		};
/* End XCBuildConfiguration section */

/* Begin XCConfigurationList section */
		84AEFB221BC0394F004877B3 /* Build configuration list for PBXProject "ShoeConverter" */ = {
			isa = XCConfigurationList;
			buildConfigurations = (
				84AEFB441BC0394F004877B3 /* Debug */,
				84AEFB451BC0394F004877B3 /* Release */,
			);
			defaultConfigurationIsVisible = 0;
			defaultConfigurationName = Release;
		};
		84AEFB461BC0394F004877B3 /* Build configuration list for PBXNativeTarget "ShoeConverter" */ = {
			isa = XCConfigurationList;
			buildConfigurations = (
				84AEFB471BC0394F004877B3 /* Debug */,
				84AEFB481BC0394F004877B3 /* Release */,
			);
			defaultConfigurationIsVisible = 0;
		};
		84AEFB491BC0394F004877B3 /* Build configuration list for PBXNativeTarget "ShoeConverterTests" */ = {
			isa = XCConfigurationList;
			buildConfigurations = (
				84AEFB4A1BC0394F004877B3 /* Debug */,
				84AEFB4B1BC0394F004877B3 /* Release */,
			);
			defaultConfigurationIsVisible = 0;
		};
/* End XCConfigurationList section */
	};
	rootObject = 84AEFB1F1BC0394F004877B3 /* Project object */;
}
